// !$*UTF8*$!
{
	archiveVersion = 1;
	classes = {
	};
	objectVersion = 51;
	objects = {

/* Begin PBXBuildFile section */
		9684DCFB236D6C0F0007D930 /* AppDelegate.swift in Sources */ = {isa = PBXBuildFile; fileRef = 9684DCFA236D6C0F0007D930 /* AppDelegate.swift */; };
		9684DCFD236D6C100007D930 /* Assets.xcassets in Resources */ = {isa = PBXBuildFile; fileRef = 9684DCFC236D6C100007D930 /* Assets.xcassets */; };
		9684DD00236D6C100007D930 /* MainMenu.xib in Resources */ = {isa = PBXBuildFile; fileRef = 9684DCFE236D6C100007D930 /* MainMenu.xib */; };
		9684DD0E236D7E310007D930 /* LocalizedUtils.swift in Sources */ = {isa = PBXBuildFile; fileRef = 9684DD0D236D7E310007D930 /* LocalizedUtils.swift */; };
		9684DD10236D7E960007D930 /* Localizable.strings in Resources */ = {isa = PBXBuildFile; fileRef = 9684DD12236D7E960007D930 /* Localizable.strings */; };
		B9081C4E1013A3CEC462BC72 /* Pods_DarkLight.framework in Frameworks */ = {isa = PBXBuildFile; fileRef = C2B3CBF77EB2242CE841D275 /* Pods_DarkLight.framework */; };
/* End PBXBuildFile section */

/* Begin PBXFileReference section */
		8DF2F88B5E9684C114808524 /* Pods-DarkLight.release.xcconfig */ = {isa = PBXFileReference; includeInIndex = 1; lastKnownFileType = text.xcconfig; name = "Pods-DarkLight.release.xcconfig"; path = "Target Support Files/Pods-DarkLight/Pods-DarkLight.release.xcconfig"; sourceTree = "<group>"; };
		9684DCF7236D6C0F0007D930 /* DarkLight.app */ = {isa = PBXFileReference; explicitFileType = wrapper.application; includeInIndex = 0; path = DarkLight.app; sourceTree = BUILT_PRODUCTS_DIR; };
		9684DCFA236D6C0F0007D930 /* AppDelegate.swift */ = {isa = PBXFileReference; lastKnownFileType = sourcecode.swift; path = AppDelegate.swift; sourceTree = "<group>"; };
		9684DCFC236D6C100007D930 /* Assets.xcassets */ = {isa = PBXFileReference; lastKnownFileType = folder.assetcatalog; path = Assets.xcassets; sourceTree = "<group>"; };
		9684DCFF236D6C100007D930 /* Base */ = {isa = PBXFileReference; lastKnownFileType = file.xib; name = Base; path = Base.lproj/MainMenu.xib; sourceTree = "<group>"; };
		9684DD01236D6C100007D930 /* Info.plist */ = {isa = PBXFileReference; lastKnownFileType = text.plist.xml; path = Info.plist; sourceTree = "<group>"; };
		9684DD02236D6C100007D930 /* DarkLight.entitlements */ = {isa = PBXFileReference; lastKnownFileType = text.plist.entitlements; path = DarkLight.entitlements; sourceTree = "<group>"; };
		9684DD08236D7AD40007D930 /* zh-Hans */ = {isa = PBXFileReference; lastKnownFileType = text.plist.strings; name = "zh-Hans"; path = "zh-Hans.lproj/MainMenu.strings"; sourceTree = "<group>"; };
		9684DD0A236D7ADC0007D930 /* en */ = {isa = PBXFileReference; lastKnownFileType = text.plist.strings; name = en; path = en.lproj/MainMenu.strings; sourceTree = "<group>"; };
		9684DD0D236D7E310007D930 /* LocalizedUtils.swift */ = {isa = PBXFileReference; lastKnownFileType = sourcecode.swift; path = LocalizedUtils.swift; sourceTree = "<group>"; };
		9684DD11236D7E960007D930 /* en */ = {isa = PBXFileReference; lastKnownFileType = text.plist.strings; name = en; path = en.lproj/Localizable.strings; sourceTree = "<group>"; };
		9684DD13236D7E970007D930 /* zh-Hans */ = {isa = PBXFileReference; lastKnownFileType = text.plist.strings; name = "zh-Hans"; path = "zh-Hans.lproj/Localizable.strings"; sourceTree = "<group>"; };
		C2B3CBF77EB2242CE841D275 /* Pods_DarkLight.framework */ = {isa = PBXFileReference; explicitFileType = wrapper.framework; includeInIndex = 0; path = Pods_DarkLight.framework; sourceTree = BUILT_PRODUCTS_DIR; };
		EA18A11D75EEAC7A2F09F83F /* Pods-DarkLight.debug.xcconfig */ = {isa = PBXFileReference; includeInIndex = 1; lastKnownFileType = text.xcconfig; name = "Pods-DarkLight.debug.xcconfig"; path = "Target Support Files/Pods-DarkLight/Pods-DarkLight.debug.xcconfig"; sourceTree = "<group>"; };
/* End PBXFileReference section */

/* Begin PBXFrameworksBuildPhase section */
		9684DCF4236D6C0F0007D930 /* Frameworks */ = {
			isa = PBXFrameworksBuildPhase;
			buildActionMask = 2147483647;
			files = (
				B9081C4E1013A3CEC462BC72 /* Pods_DarkLight.framework in Frameworks */,
			);
			runOnlyForDeploymentPostprocessing = 0;
		};
/* End PBXFrameworksBuildPhase section */

/* Begin PBXGroup section */
		1CFF6105B7561C1F83B1D9E2 /* Frameworks */ = {
			isa = PBXGroup;
			children = (
				C2B3CBF77EB2242CE841D275 /* Pods_DarkLight.framework */,
			);
			name = Frameworks;
			sourceTree = "<group>";
		};
		478F0ACA19223C5A937D5386 /* Pods */ = {
			isa = PBXGroup;
			children = (
				EA18A11D75EEAC7A2F09F83F /* Pods-DarkLight.debug.xcconfig */,
				8DF2F88B5E9684C114808524 /* Pods-DarkLight.release.xcconfig */,
			);
			path = Pods;
			sourceTree = "<group>";
		};
		9684DCEE236D6C0F0007D930 = {
			isa = PBXGroup;
			children = (
				9684DCF9236D6C0F0007D930 /* DarkLight */,
				9684DCF8236D6C0F0007D930 /* Products */,
				478F0ACA19223C5A937D5386 /* Pods */,
				1CFF6105B7561C1F83B1D9E2 /* Frameworks */,
			);
			sourceTree = "<group>";
		};
		9684DCF8236D6C0F0007D930 /* Products */ = {
			isa = PBXGroup;
			children = (
				9684DCF7236D6C0F0007D930 /* DarkLight.app */,
			);
			name = Products;
			sourceTree = "<group>";
		};
		9684DCF9236D6C0F0007D930 /* DarkLight */ = {
			isa = PBXGroup;
			children = (
				9684DCFA236D6C0F0007D930 /* AppDelegate.swift */,
				9684DD0F236D7E3C0007D930 /* Localizations */,
				9684DCFC236D6C100007D930 /* Assets.xcassets */,
				9684DCFE236D6C100007D930 /* MainMenu.xib */,
				9684DD01236D6C100007D930 /* Info.plist */,
				9684DD02236D6C100007D930 /* DarkLight.entitlements */,
			);
			path = DarkLight;
			sourceTree = "<group>";
		};
		9684DD0F236D7E3C0007D930 /* Localizations */ = {
			isa = PBXGroup;
			children = (
				9684DD0D236D7E310007D930 /* LocalizedUtils.swift */,
				9684DD12236D7E960007D930 /* Localizable.strings */,
			);
			path = Localizations;
			sourceTree = "<group>";
		};
/* End PBXGroup section */

/* Begin PBXNativeTarget section */
		9684DCF6236D6C0F0007D930 /* DarkLight */ = {
			isa = PBXNativeTarget;
			buildConfigurationList = 9684DD05236D6C100007D930 /* Build configuration list for PBXNativeTarget "DarkLight" */;
			buildPhases = (
				879A9BF15CA657990D12CB01 /* [CP] Check Pods Manifest.lock */,
				9684DCF3236D6C0F0007D930 /* Sources */,
				9684DCF4236D6C0F0007D930 /* Frameworks */,
				9684DCF5236D6C0F0007D930 /* Resources */,
				500CA4DF7BDC5067BFDA6325 /* [CP] Embed Pods Frameworks */,
			);
			buildRules = (
			);
			dependencies = (
			);
			name = DarkLight;
			productName = DarkLight;
			productReference = 9684DCF7236D6C0F0007D930 /* DarkLight.app */;
			productType = "com.apple.product-type.application";
		};
/* End PBXNativeTarget section */

/* Begin PBXProject section */
		9684DCEF236D6C0F0007D930 /* Project object */ = {
			isa = PBXProject;
			attributes = {
				LastSwiftUpdateCheck = 1120;
				LastUpgradeCheck = 1120;
				ORGANIZATIONNAME = Licardo;
				TargetAttributes = {
					9684DCF6236D6C0F0007D930 = {
						CreatedOnToolsVersion = 11.2;
					};
				};
			};
			buildConfigurationList = 9684DCF2236D6C0F0007D930 /* Build configuration list for PBXProject "DarkLight" */;
			compatibilityVersion = "Xcode 9.3";
			developmentRegion = en;
			hasScannedForEncodings = 0;
			knownRegions = (
				en,
				Base,
				"zh-Hans",
			);
			mainGroup = 9684DCEE236D6C0F0007D930;
			productRefGroup = 9684DCF8236D6C0F0007D930 /* Products */;
			projectDirPath = "";
			projectRoot = "";
			targets = (
				9684DCF6236D6C0F0007D930 /* DarkLight */,
			);
		};
/* End PBXProject section */

/* Begin PBXResourcesBuildPhase section */
		9684DCF5236D6C0F0007D930 /* Resources */ = {
			isa = PBXResourcesBuildPhase;
			buildActionMask = 2147483647;
			files = (
				9684DCFD236D6C100007D930 /* Assets.xcassets in Resources */,
				9684DD10236D7E960007D930 /* Localizable.strings in Resources */,
				9684DD00236D6C100007D930 /* MainMenu.xib in Resources */,
			);
			runOnlyForDeploymentPostprocessing = 0;
		};
/* End PBXResourcesBuildPhase section */

/* Begin PBXShellScriptBuildPhase section */
		500CA4DF7BDC5067BFDA6325 /* [CP] Embed Pods Frameworks */ = {
			isa = PBXShellScriptBuildPhase;
			buildActionMask = 2147483647;
			files = (
			);
			inputFileListPaths = (
				"${PODS_ROOT}/Target Support Files/Pods-DarkLight/Pods-DarkLight-frameworks-${CONFIGURATION}-input-files.xcfilelist",
			);
			name = "[CP] Embed Pods Frameworks";
			outputFileListPaths = (
				"${PODS_ROOT}/Target Support Files/Pods-DarkLight/Pods-DarkLight-frameworks-${CONFIGURATION}-output-files.xcfilelist",
			);
			runOnlyForDeploymentPostprocessing = 0;
			shellPath = /bin/sh;
			shellScript = "\"${PODS_ROOT}/Target Support Files/Pods-DarkLight/Pods-DarkLight-frameworks.sh\"\n";
			showEnvVarsInLog = 0;
		};
		879A9BF15CA657990D12CB01 /* [CP] Check Pods Manifest.lock */ = {
			isa = PBXShellScriptBuildPhase;
			buildActionMask = 2147483647;
			files = (
			);
			inputFileListPaths = (
			);
			inputPaths = (
				"${PODS_PODFILE_DIR_PATH}/Podfile.lock",
				"${PODS_ROOT}/Manifest.lock",
			);
			name = "[CP] Check Pods Manifest.lock";
			outputFileListPaths = (
			);
			outputPaths = (
				"$(DERIVED_FILE_DIR)/Pods-DarkLight-checkManifestLockResult.txt",
			);
			runOnlyForDeploymentPostprocessing = 0;
			shellPath = /bin/sh;
			shellScript = "diff \"${PODS_PODFILE_DIR_PATH}/Podfile.lock\" \"${PODS_ROOT}/Manifest.lock\" > /dev/null\nif [ $? != 0 ] ; then\n    # print error to STDERR\n    echo \"error: The sandbox is not in sync with the Podfile.lock. Run 'pod install' or update your CocoaPods installation.\" >&2\n    exit 1\nfi\n# This output is used by Xcode 'outputs' to avoid re-running this script phase.\necho \"SUCCESS\" > \"${SCRIPT_OUTPUT_FILE_0}\"\n";
			showEnvVarsInLog = 0;
		};
/* End PBXShellScriptBuildPhase section */

/* Begin PBXSourcesBuildPhase section */
		9684DCF3236D6C0F0007D930 /* Sources */ = {
			isa = PBXSourcesBuildPhase;
			buildActionMask = 2147483647;
			files = (
				9684DCFB236D6C0F0007D930 /* AppDelegate.swift in Sources */,
				9684DD0E236D7E310007D930 /* LocalizedUtils.swift in Sources */,
			);
			runOnlyForDeploymentPostprocessing = 0;
		};
/* End PBXSourcesBuildPhase section */

/* Begin PBXVariantGroup section */
		9684DCFE236D6C100007D930 /* MainMenu.xib */ = {
			isa = PBXVariantGroup;
			children = (
				9684DCFF236D6C100007D930 /* Base */,
				9684DD08236D7AD40007D930 /* zh-Hans */,
				9684DD0A236D7ADC0007D930 /* en */,
			);
			name = MainMenu.xib;
			sourceTree = "<group>";
		};
		9684DD12236D7E960007D930 /* Localizable.strings */ = {
			isa = PBXVariantGroup;
			children = (
				9684DD11236D7E960007D930 /* en */,
				9684DD13236D7E970007D930 /* zh-Hans */,
			);
			name = Localizable.strings;
			sourceTree = "<group>";
		};
/* End PBXVariantGroup section */

/* Begin XCBuildConfiguration section */
		9684DD03236D6C100007D930 /* Debug */ = {
			isa = XCBuildConfiguration;
			buildSettings = {
				ALWAYS_SEARCH_USER_PATHS = NO;
				CLANG_ANALYZER_LOCALIZABILITY_NONLOCALIZED = YES;
				CLANG_ANALYZER_NONNULL = YES;
				CLANG_ANALYZER_NUMBER_OBJECT_CONVERSION = YES_AGGRESSIVE;
				CLANG_CXX_LANGUAGE_STANDARD = "gnu++14";
				CLANG_CXX_LIBRARY = "libc++";
				CLANG_ENABLE_MODULES = YES;
				CLANG_ENABLE_OBJC_ARC = YES;
				CLANG_ENABLE_OBJC_WEAK = YES;
				CLANG_WARN_BLOCK_CAPTURE_AUTORELEASING = YES;
				CLANG_WARN_BOOL_CONVERSION = YES;
				CLANG_WARN_COMMA = YES;
				CLANG_WARN_CONSTANT_CONVERSION = YES;
				CLANG_WARN_DEPRECATED_OBJC_IMPLEMENTATIONS = YES;
				CLANG_WARN_DIRECT_OBJC_ISA_USAGE = YES_ERROR;
				CLANG_WARN_DOCUMENTATION_COMMENTS = YES;
				CLANG_WARN_EMPTY_BODY = YES;
				CLANG_WARN_ENUM_CONVERSION = YES;
				CLANG_WARN_INFINITE_RECURSION = YES;
				CLANG_WARN_INT_CONVERSION = YES;
				CLANG_WARN_NON_LITERAL_NULL_CONVERSION = YES;
				CLANG_WARN_OBJC_IMPLICIT_RETAIN_SELF = YES;
				CLANG_WARN_OBJC_LITERAL_CONVERSION = YES;
				CLANG_WARN_OBJC_ROOT_CLASS = YES_ERROR;
				CLANG_WARN_RANGE_LOOP_ANALYSIS = YES;
				CLANG_WARN_STRICT_PROTOTYPES = YES;
				CLANG_WARN_SUSPICIOUS_MOVE = YES;
				CLANG_WARN_UNGUARDED_AVAILABILITY = YES_AGGRESSIVE;
				CLANG_WARN_UNREACHABLE_CODE = YES;
				CLANG_WARN__DUPLICATE_METHOD_MATCH = YES;
				COPY_PHASE_STRIP = NO;
				DEBUG_INFORMATION_FORMAT = dwarf;
				ENABLE_STRICT_OBJC_MSGSEND = YES;
				ENABLE_TESTABILITY = YES;
				GCC_C_LANGUAGE_STANDARD = gnu11;
				GCC_DYNAMIC_NO_PIC = NO;
				GCC_NO_COMMON_BLOCKS = YES;
				GCC_OPTIMIZATION_LEVEL = 0;
				GCC_PREPROCESSOR_DEFINITIONS = (
					"DEBUG=1",
					"$(inherited)",
				);
				GCC_WARN_64_TO_32_BIT_CONVERSION = YES;
				GCC_WARN_ABOUT_RETURN_TYPE = YES_ERROR;
				GCC_WARN_UNDECLARED_SELECTOR = YES;
				GCC_WARN_UNINITIALIZED_AUTOS = YES_AGGRESSIVE;
				GCC_WARN_UNUSED_FUNCTION = YES;
				GCC_WARN_UNUSED_VARIABLE = YES;
				MACOSX_DEPLOYMENT_TARGET = 10.14;
				MTL_ENABLE_DEBUG_INFO = INCLUDE_SOURCE;
				MTL_FAST_MATH = YES;
				ONLY_ACTIVE_ARCH = YES;
				SDKROOT = macosx;
				SWIFT_ACTIVE_COMPILATION_CONDITIONS = DEBUG;
				SWIFT_OPTIMIZATION_LEVEL = "-Onone";
			};
			name = Debug;
		};
		9684DD04236D6C100007D930 /* Release */ = {
			isa = XCBuildConfiguration;
			buildSettings = {
				ALWAYS_SEARCH_USER_PATHS = NO;
				CLANG_ANALYZER_LOCALIZABILITY_NONLOCALIZED = YES;
				CLANG_ANALYZER_NONNULL = YES;
				CLANG_ANALYZER_NUMBER_OBJECT_CONVERSION = YES_AGGRESSIVE;
				CLANG_CXX_LANGUAGE_STANDARD = "gnu++14";
				CLANG_CXX_LIBRARY = "libc++";
				CLANG_ENABLE_MODULES = YES;
				CLANG_ENABLE_OBJC_ARC = YES;
				CLANG_ENABLE_OBJC_WEAK = YES;
				CLANG_WARN_BLOCK_CAPTURE_AUTORELEASING = YES;
				CLANG_WARN_BOOL_CONVERSION = YES;
				CLANG_WARN_COMMA = YES;
				CLANG_WARN_CONSTANT_CONVERSION = YES;
				CLANG_WARN_DEPRECATED_OBJC_IMPLEMENTATIONS = YES;
				CLANG_WARN_DIRECT_OBJC_ISA_USAGE = YES_ERROR;
				CLANG_WARN_DOCUMENTATION_COMMENTS = YES;
				CLANG_WARN_EMPTY_BODY = YES;
				CLANG_WARN_ENUM_CONVERSION = YES;
				CLANG_WARN_INFINITE_RECURSION = YES;
				CLANG_WARN_INT_CONVERSION = YES;
				CLANG_WARN_NON_LITERAL_NULL_CONVERSION = YES;
				CLANG_WARN_OBJC_IMPLICIT_RETAIN_SELF = YES;
				CLANG_WARN_OBJC_LITERAL_CONVERSION = YES;
				CLANG_WARN_OBJC_ROOT_CLASS = YES_ERROR;
				CLANG_WARN_RANGE_LOOP_ANALYSIS = YES;
				CLANG_WARN_STRICT_PROTOTYPES = YES;
				CLANG_WARN_SUSPICIOUS_MOVE = YES;
				CLANG_WARN_UNGUARDED_AVAILABILITY = YES_AGGRESSIVE;
				CLANG_WARN_UNREACHABLE_CODE = YES;
				CLANG_WARN__DUPLICATE_METHOD_MATCH = YES;
				COPY_PHASE_STRIP = NO;
				DEBUG_INFORMATION_FORMAT = "dwarf-with-dsym";
				ENABLE_NS_ASSERTIONS = NO;
				ENABLE_STRICT_OBJC_MSGSEND = YES;
				GCC_C_LANGUAGE_STANDARD = gnu11;
				GCC_NO_COMMON_BLOCKS = YES;
				GCC_WARN_64_TO_32_BIT_CONVERSION = YES;
				GCC_WARN_ABOUT_RETURN_TYPE = YES_ERROR;
				GCC_WARN_UNDECLARED_SELECTOR = YES;
				GCC_WARN_UNINITIALIZED_AUTOS = YES_AGGRESSIVE;
				GCC_WARN_UNUSED_FUNCTION = YES;
				GCC_WARN_UNUSED_VARIABLE = YES;
				MACOSX_DEPLOYMENT_TARGET = 10.14;
				MTL_ENABLE_DEBUG_INFO = NO;
				MTL_FAST_MATH = YES;
				SDKROOT = macosx;
				SWIFT_COMPILATION_MODE = wholemodule;
				SWIFT_OPTIMIZATION_LEVEL = "-O";
			};
			name = Release;
		};
		9684DD06236D6C100007D930 /* Debug */ = {
			isa = XCBuildConfiguration;
			baseConfigurationReference = EA18A11D75EEAC7A2F09F83F /* Pods-DarkLight.debug.xcconfig */;
			buildSettings = {
				ASSETCATALOG_COMPILER_APPICON_NAME = AppIcon;
				CODE_SIGN_ENTITLEMENTS = DarkLight/DarkLight.entitlements;
				CODE_SIGN_STYLE = Automatic;
				COMBINE_HIDPI_IMAGES = YES;
				CURRENT_PROJECT_VERSION = 20191102;
				DEVELOPMENT_TEAM = 2U23P5CPX2;
				ENABLE_HARDENED_RUNTIME = YES;
				INFOPLIST_FILE = DarkLight/Info.plist;
				LD_RUNPATH_SEARCH_PATHS = (
					"$(inherited)",
					"@executable_path/../Frameworks",
				);
				MARKETING_VERSION = 0.0.1;
				PRODUCT_BUNDLE_IDENTIFIER = cn.licardo.DarkLight;
				PRODUCT_NAME = "$(TARGET_NAME)";
				SWIFT_VERSION = 5.0;
			};
			name = Debug;
		};
		9684DD07236D6C100007D930 /* Release */ = {
			isa = XCBuildConfiguration;
			baseConfigurationReference = 8DF2F88B5E9684C114808524 /* Pods-DarkLight.release.xcconfig */;
			buildSettings = {
				ASSETCATALOG_COMPILER_APPICON_NAME = AppIcon;
				CODE_SIGN_ENTITLEMENTS = DarkLight/DarkLight.entitlements;
				CODE_SIGN_STYLE = Automatic;
				COMBINE_HIDPI_IMAGES = YES;
				CURRENT_PROJECT_VERSION = 20191102;
				DEVELOPMENT_TEAM = 2U23P5CPX2;
				ENABLE_HARDENED_RUNTIME = YES;
				INFOPLIST_FILE = DarkLight/Info.plist;
				LD_RUNPATH_SEARCH_PATHS = (
					"$(inherited)",
					"@executable_path/../Frameworks",
				);
				MARKETING_VERSION = 0.0.1;
				PRODUCT_BUNDLE_IDENTIFIER = cn.licardo.DarkLight;
				PRODUCT_NAME = "$(TARGET_NAME)";
				SWIFT_VERSION = 5.0;
			};
			name = Release;
		};
/* End XCBuildConfiguration section */

/* Begin XCConfigurationList section */
		9684DCF2236D6C0F0007D930 /* Build configuration list for PBXProject "DarkLight" */ = {
			isa = XCConfigurationList;
			buildConfigurations = (
				9684DD03236D6C100007D930 /* Debug */,
				9684DD04236D6C100007D930 /* Release */,
			);
			defaultConfigurationIsVisible = 0;
			defaultConfigurationName = Release;
		};
		9684DD05236D6C100007D930 /* Build configuration list for PBXNativeTarget "DarkLight" */ = {
			isa = XCConfigurationList;
			buildConfigurations = (
				9684DD06236D6C100007D930 /* Debug */,
				9684DD07236D6C100007D930 /* Release */,
			);
			defaultConfigurationIsVisible = 0;
			defaultConfigurationName = Release;
		};
/* End XCConfigurationList section */
	};
	rootObject = 9684DCEF236D6C0F0007D930 /* Project object */;
}
