// !$*UTF8*$!
{
	archiveVersion = 1;
	classes = {
	};
	objectVersion = 51;
	objects = {

/* Begin PBXBuildFile section */
		0E1EA31E63555F3BD68287CF /* Pods_DarkLight.framework in Frameworks */ = {isa = PBXBuildFile; fileRef = F24FE37AAE7D30F5F41197F8 /* Pods_DarkLight.framework */; };
		96AB1CE82373153C00A539CA /* AppDelegate.swift in Sources */ = {isa = PBXBuildFile; fileRef = 96AB1CE72373153C00A539CA /* AppDelegate.swift */; };
		96AB1CEA2373153D00A539CA /* Assets.xcassets in Resources */ = {isa = PBXBuildFile; fileRef = 96AB1CE92373153D00A539CA /* Assets.xcassets */; };
		96AB1CED2373153D00A539CA /* MainMenu.xib in Resources */ = {isa = PBXBuildFile; fileRef = 96AB1CEB2373153D00A539CA /* MainMenu.xib */; };
		96AB1CFD2373187A00A539CA /* LocalizedUtils.swift in Sources */ = {isa = PBXBuildFile; fileRef = 96AB1CFC2373187A00A539CA /* LocalizedUtils.swift */; };
		96AB1D002373196E00A539CA /* Localizable.strings in Resources */ = {isa = PBXBuildFile; fileRef = 96AB1D022373196E00A539CA /* Localizable.strings */; };
		96AB1D07237319E900A539CA /* TouchBar.h in Sources */ = {isa = PBXBuildFile; fileRef = 96AB1D06237319E900A539CA /* TouchBar.h */; };
		96AB1D0A23731B2C00A539CA /* DFRFoundation.framework in Frameworks */ = {isa = PBXBuildFile; fileRef = 96AB1D0923731B2C00A539CA /* DFRFoundation.framework */; };
		96AB1D0B23731B2C00A539CA /* DFRFoundation.framework in Embed Frameworks */ = {isa = PBXBuildFile; fileRef = 96AB1D0923731B2C00A539CA /* DFRFoundation.framework */; settings = {ATTRIBUTES = (CodeSignOnCopy, RemoveHeadersOnCopy, ); }; };
/* End PBXBuildFile section */

/* Begin PBXCopyFilesBuildPhase section */
		96AB1D0C23731B2C00A539CA /* Embed Frameworks */ = {
			isa = PBXCopyFilesBuildPhase;
			buildActionMask = 2147483647;
			dstPath = "";
			dstSubfolderSpec = 10;
			files = (
				96AB1D0B23731B2C00A539CA /* DFRFoundation.framework in Embed Frameworks */,
			);
			name = "Embed Frameworks";
			runOnlyForDeploymentPostprocessing = 0;
		};
/* End PBXCopyFilesBuildPhase section */

/* Begin PBXFileReference section */
		367B0E394D9495A0D43C3B1B /* Pods-DarkLight.debug.xcconfig */ = {isa = PBXFileReference; includeInIndex = 1; lastKnownFileType = text.xcconfig; name = "Pods-DarkLight.debug.xcconfig"; path = "Target Support Files/Pods-DarkLight/Pods-DarkLight.debug.xcconfig"; sourceTree = "<group>"; };
		96AB1CE42373153C00A539CA /* DarkLight.app */ = {isa = PBXFileReference; explicitFileType = wrapper.application; includeInIndex = 0; path = DarkLight.app; sourceTree = BUILT_PRODUCTS_DIR; };
		96AB1CE72373153C00A539CA /* AppDelegate.swift */ = {isa = PBXFileReference; lastKnownFileType = sourcecode.swift; path = AppDelegate.swift; sourceTree = "<group>"; };
		96AB1CE92373153D00A539CA /* Assets.xcassets */ = {isa = PBXFileReference; lastKnownFileType = folder.assetcatalog; path = Assets.xcassets; sourceTree = "<group>"; };
		96AB1CEC2373153D00A539CA /* Base */ = {isa = PBXFileReference; lastKnownFileType = file.xib; name = Base; path = Base.lproj/MainMenu.xib; sourceTree = "<group>"; };
		96AB1CEE2373153D00A539CA /* Info.plist */ = {isa = PBXFileReference; lastKnownFileType = text.plist.xml; path = Info.plist; sourceTree = "<group>"; };
		96AB1CEF2373153D00A539CA /* DarkLight.entitlements */ = {isa = PBXFileReference; lastKnownFileType = text.plist.entitlements; path = DarkLight.entitlements; sourceTree = "<group>"; };
		96AB1CF92373183000A539CA /* zh-Hans */ = {isa = PBXFileReference; lastKnownFileType = text.plist.strings; name = "zh-Hans"; path = "zh-Hans.lproj/MainMenu.strings"; sourceTree = "<group>"; };
		96AB1CFC2373187A00A539CA /* LocalizedUtils.swift */ = {isa = PBXFileReference; lastKnownFileType = sourcecode.swift; path = LocalizedUtils.swift; sourceTree = "<group>"; };
		96AB1D012373196E00A539CA /* en */ = {isa = PBXFileReference; lastKnownFileType = text.plist.strings; name = en; path = en.lproj/Localizable.strings; sourceTree = "<group>"; };
		96AB1D032373197200A539CA /* zh-Hans */ = {isa = PBXFileReference; lastKnownFileType = text.plist.strings; name = "zh-Hans"; path = "zh-Hans.lproj/Localizable.strings"; sourceTree = "<group>"; };
		96AB1D05237319E800A539CA /* DarkLight-Bridging-Header.h */ = {isa = PBXFileReference; lastKnownFileType = sourcecode.c.h; path = "DarkLight-Bridging-Header.h"; sourceTree = "<group>"; };
		96AB1D06237319E900A539CA /* TouchBar.h */ = {isa = PBXFileReference; lastKnownFileType = sourcecode.c.h; path = TouchBar.h; sourceTree = "<group>"; };
		96AB1D0923731B2C00A539CA /* DFRFoundation.framework */ = {isa = PBXFileReference; lastKnownFileType = wrapper.framework; name = DFRFoundation.framework; path = ../../../../System/Library/PrivateFrameworks/DFRFoundation.framework; sourceTree = "<group>"; };
		96B05CE9239521F800540E9D /* en */ = {isa = PBXFileReference; lastKnownFileType = text.plist.strings; name = en; path = en.lproj/MainMenu.strings; sourceTree = "<group>"; };
		D4036EC03D1B45F288AFD22E /* Pods-DarkLight.release.xcconfig */ = {isa = PBXFileReference; includeInIndex = 1; lastKnownFileType = text.xcconfig; name = "Pods-DarkLight.release.xcconfig"; path = "Target Support Files/Pods-DarkLight/Pods-DarkLight.release.xcconfig"; sourceTree = "<group>"; };
		F24FE37AAE7D30F5F41197F8 /* Pods_DarkLight.framework */ = {isa = PBXFileReference; explicitFileType = wrapper.framework; includeInIndex = 0; path = Pods_DarkLight.framework; sourceTree = BUILT_PRODUCTS_DIR; };
/* End PBXFileReference section */

/* Begin PBXFrameworksBuildPhase section */
		96AB1CE12373153C00A539CA /* Frameworks */ = {
			isa = PBXFrameworksBuildPhase;
			buildActionMask = 2147483647;
			files = (
				96AB1D0A23731B2C00A539CA /* DFRFoundation.framework in Frameworks */,
				0E1EA31E63555F3BD68287CF /* Pods_DarkLight.framework in Frameworks */,
			);
			runOnlyForDeploymentPostprocessing = 0;
		};
/* End PBXFrameworksBuildPhase section */

/* Begin PBXGroup section */
		3DA689460B4179B2B77C4E0B /* Pods */ = {
			isa = PBXGroup;
			children = (
				367B0E394D9495A0D43C3B1B /* Pods-DarkLight.debug.xcconfig */,
				D4036EC03D1B45F288AFD22E /* Pods-DarkLight.release.xcconfig */,
			);
			path = Pods;
			sourceTree = "<group>";
		};
		718A0D43B5E2F1A24888058E /* Frameworks */ = {
			isa = PBXGroup;
			children = (
				96AB1D0923731B2C00A539CA /* DFRFoundation.framework */,
				F24FE37AAE7D30F5F41197F8 /* Pods_DarkLight.framework */,
			);
			name = Frameworks;
			sourceTree = "<group>";
		};
		96AB1CDB2373153C00A539CA = {
			isa = PBXGroup;
			children = (
				96AB1CE62373153C00A539CA /* DarkLight */,
				96AB1CE52373153C00A539CA /* Products */,
				3DA689460B4179B2B77C4E0B /* Pods */,
				718A0D43B5E2F1A24888058E /* Frameworks */,
			);
			sourceTree = "<group>";
		};
		96AB1CE52373153C00A539CA /* Products */ = {
			isa = PBXGroup;
			children = (
				96AB1CE42373153C00A539CA /* DarkLight.app */,
			);
			name = Products;
			sourceTree = "<group>";
		};
		96AB1CE62373153C00A539CA /* DarkLight */ = {
			isa = PBXGroup;
			children = (
				96AB1CE72373153C00A539CA /* AppDelegate.swift */,
				96AB1CEB2373153D00A539CA /* MainMenu.xib */,
				96AB1D0D23731F6700A539CA /* TouchBar */,
				96AB1D0823731A1700A539CA /* Supporting Files */,
				96AB1D04237319A100A539CA /* Localizations */,
			);
			path = DarkLight;
			sourceTree = "<group>";
		};
		96AB1D04237319A100A539CA /* Localizations */ = {
			isa = PBXGroup;
			children = (
				96AB1CFC2373187A00A539CA /* LocalizedUtils.swift */,
				96AB1D022373196E00A539CA /* Localizable.strings */,
			);
			path = Localizations;
			sourceTree = "<group>";
		};
		96AB1D0823731A1700A539CA /* Supporting Files */ = {
			isa = PBXGroup;
			children = (
				96AB1CE92373153D00A539CA /* Assets.xcassets */,
				96AB1CEE2373153D00A539CA /* Info.plist */,
				96AB1CEF2373153D00A539CA /* DarkLight.entitlements */,
			);
			path = "Supporting Files";
			sourceTree = "<group>";
		};
		96AB1D0D23731F6700A539CA /* TouchBar */ = {
			isa = PBXGroup;
			children = (
				96AB1D06237319E900A539CA /* TouchBar.h */,
				96AB1D05237319E800A539CA /* DarkLight-Bridging-Header.h */,
			);
			path = TouchBar;
			sourceTree = "<group>";
		};
/* End PBXGroup section */

/* Begin PBXNativeTarget section */
		96AB1CE32373153C00A539CA /* DarkLight */ = {
			isa = PBXNativeTarget;
			buildConfigurationList = 96AB1CF22373153D00A539CA /* Build configuration list for PBXNativeTarget "DarkLight" */;
			buildPhases = (
				31AF1C500AEB7DAB54426F9C /* [CP] Check Pods Manifest.lock */,
				96AB1CE02373153C00A539CA /* Sources */,
				96AB1CE12373153C00A539CA /* Frameworks */,
				96AB1CE22373153C00A539CA /* Resources */,
				D1ADA7E3660497277E279339 /* [CP] Embed Pods Frameworks */,
				96AB1D0C23731B2C00A539CA /* Embed Frameworks */,
			);
			buildRules = (
			);
			dependencies = (
			);
			name = DarkLight;
			productName = DarkLight;
			productReference = 96AB1CE42373153C00A539CA /* DarkLight.app */;
			productType = "com.apple.product-type.application";
		};
/* End PBXNativeTarget section */

/* Begin PBXProject section */
		96AB1CDC2373153C00A539CA /* Project object */ = {
			isa = PBXProject;
			attributes = {
				LastSwiftUpdateCheck = 1120;
				LastUpgradeCheck = 1150;
				ORGANIZATIONNAME = Licardo;
				TargetAttributes = {
					96AB1CE32373153C00A539CA = {
						CreatedOnToolsVersion = 11.2;
						LastSwiftMigration = 1120;
					};
				};
			};
			buildConfigurationList = 96AB1CDF2373153C00A539CA /* Build configuration list for PBXProject "DarkLight" */;
			compatibilityVersion = "Xcode 9.3";
			developmentRegion = en;
			hasScannedForEncodings = 0;
			knownRegions = (
				en,
				Base,
				"zh-Hans",
			);
			mainGroup = 96AB1CDB2373153C00A539CA;
			productRefGroup = 96AB1CE52373153C00A539CA /* Products */;
			projectDirPath = "";
			projectRoot = "";
			targets = (
				96AB1CE32373153C00A539CA /* DarkLight */,
			);
		};
/* End PBXProject section */

/* Begin PBXResourcesBuildPhase section */
		96AB1CE22373153C00A539CA /* Resources */ = {
			isa = PBXResourcesBuildPhase;
			buildActionMask = 2147483647;
			files = (
				96AB1CEA2373153D00A539CA /* Assets.xcassets in Resources */,
				96AB1D002373196E00A539CA /* Localizable.strings in Resources */,
				96AB1CED2373153D00A539CA /* MainMenu.xib in Resources */,
			);
			runOnlyForDeploymentPostprocessing = 0;
		};
/* End PBXResourcesBuildPhase section */

/* Begin PBXShellScriptBuildPhase section */
		31AF1C500AEB7DAB54426F9C /* [CP] Check Pods Manifest.lock */ = {
			isa = PBXShellScriptBuildPhase;
			buildActionMask = 2147483647;
			files = (
			);
			inputFileListPaths = (
			);
			inputPaths = (
				"${PODS_PODFILE_DIR_PATH}/Podfile.lock",
				"${PODS_ROOT}/Manifest.lock",
			);
			name = "[CP] Check Pods Manifest.lock";
			outputFileListPaths = (
			);
			outputPaths = (
				"$(DERIVED_FILE_DIR)/Pods-DarkLight-checkManifestLockResult.txt",
			);
			runOnlyForDeploymentPostprocessing = 0;
			shellPath = /bin/sh;
			shellScript = "diff \"${PODS_PODFILE_DIR_PATH}/Podfile.lock\" \"${PODS_ROOT}/Manifest.lock\" > /dev/null\nif [ $? != 0 ] ; then\n    # print error to STDERR\n    echo \"error: The sandbox is not in sync with the Podfile.lock. Run 'pod install' or update your CocoaPods installation.\" >&2\n    exit 1\nfi\n# This output is used by Xcode 'outputs' to avoid re-running this script phase.\necho \"SUCCESS\" > \"${SCRIPT_OUTPUT_FILE_0}\"\n";
			showEnvVarsInLog = 0;
		};
		D1ADA7E3660497277E279339 /* [CP] Embed Pods Frameworks */ = {
			isa = PBXShellScriptBuildPhase;
			buildActionMask = 2147483647;
			files = (
			);
			inputFileListPaths = (
				"${PODS_ROOT}/Target Support Files/Pods-DarkLight/Pods-DarkLight-frameworks-${CONFIGURATION}-input-files.xcfilelist",
			);
			name = "[CP] Embed Pods Frameworks";
			outputFileListPaths = (
				"${PODS_ROOT}/Target Support Files/Pods-DarkLight/Pods-DarkLight-frameworks-${CONFIGURATION}-output-files.xcfilelist",
			);
			runOnlyForDeploymentPostprocessing = 0;
			shellPath = /bin/sh;
			shellScript = "\"${PODS_ROOT}/Target Support Files/Pods-DarkLight/Pods-DarkLight-frameworks.sh\"\n";
			showEnvVarsInLog = 0;
		};
/* End PBXShellScriptBuildPhase section */

/* Begin PBXSourcesBuildPhase section */
		96AB1CE02373153C00A539CA /* Sources */ = {
			isa = PBXSourcesBuildPhase;
			buildActionMask = 2147483647;
			files = (
				96AB1D07237319E900A539CA /* TouchBar.h in Sources */,
				96AB1CE82373153C00A539CA /* AppDelegate.swift in Sources */,
				96AB1CFD2373187A00A539CA /* LocalizedUtils.swift in Sources */,
			);
			runOnlyForDeploymentPostprocessing = 0;
		};
/* End PBXSourcesBuildPhase section */

/* Begin PBXVariantGroup section */
		96AB1CEB2373153D00A539CA /* MainMenu.xib */ = {
			isa = PBXVariantGroup;
			children = (
				96AB1CEC2373153D00A539CA /* Base */,
				96AB1CF92373183000A539CA /* zh-Hans */,
				96B05CE9239521F800540E9D /* en */,
			);
			name = MainMenu.xib;
			sourceTree = "<group>";
		};
		96AB1D022373196E00A539CA /* Localizable.strings */ = {
			isa = PBXVariantGroup;
			children = (
				96AB1D012373196E00A539CA /* en */,
				96AB1D032373197200A539CA /* zh-Hans */,
			);
			name = Localizable.strings;
			sourceTree = "<group>";
		};
/* End PBXVariantGroup section */

/* Begin XCBuildConfiguration section */
		96AB1CF02373153D00A539CA /* Debug */ = {
			isa = XCBuildConfiguration;
			buildSettings = {
				ALWAYS_SEARCH_USER_PATHS = NO;
				CLANG_ANALYZER_LOCALIZABILITY_NONLOCALIZED = YES;
				CLANG_ANALYZER_NONNULL = YES;
				CLANG_ANALYZER_NUMBER_OBJECT_CONVERSION = YES_AGGRESSIVE;
				CLANG_CXX_LANGUAGE_STANDARD = "gnu++14";
				CLANG_CXX_LIBRARY = "libc++";
				CLANG_ENABLE_MODULES = YES;
				CLANG_ENABLE_OBJC_ARC = YES;
				CLANG_ENABLE_OBJC_WEAK = YES;
				CLANG_WARN_BLOCK_CAPTURE_AUTORELEASING = YES;
				CLANG_WARN_BOOL_CONVERSION = YES;
				CLANG_WARN_COMMA = YES;
				CLANG_WARN_CONSTANT_CONVERSION = YES;
				CLANG_WARN_DEPRECATED_OBJC_IMPLEMENTATIONS = YES;
				CLANG_WARN_DIRECT_OBJC_ISA_USAGE = YES_ERROR;
				CLANG_WARN_DOCUMENTATION_COMMENTS = YES;
				CLANG_WARN_EMPTY_BODY = YES;
				CLANG_WARN_ENUM_CONVERSION = YES;
				CLANG_WARN_INFINITE_RECURSION = YES;
				CLANG_WARN_INT_CONVERSION = YES;
				CLANG_WARN_NON_LITERAL_NULL_CONVERSION = YES;
				CLANG_WARN_OBJC_IMPLICIT_RETAIN_SELF = YES;
				CLANG_WARN_OBJC_LITERAL_CONVERSION = YES;
				CLANG_WARN_OBJC_ROOT_CLASS = YES_ERROR;
				CLANG_WARN_RANGE_LOOP_ANALYSIS = YES;
				CLANG_WARN_STRICT_PROTOTYPES = YES;
				CLANG_WARN_SUSPICIOUS_MOVE = YES;
				CLANG_WARN_UNGUARDED_AVAILABILITY = YES_AGGRESSIVE;
				CLANG_WARN_UNREACHABLE_CODE = YES;
				CLANG_WARN__DUPLICATE_METHOD_MATCH = YES;
				COPY_PHASE_STRIP = NO;
				DEBUG_INFORMATION_FORMAT = dwarf;
				ENABLE_STRICT_OBJC_MSGSEND = YES;
				ENABLE_TESTABILITY = YES;
				GCC_C_LANGUAGE_STANDARD = gnu11;
				GCC_DYNAMIC_NO_PIC = NO;
				GCC_NO_COMMON_BLOCKS = YES;
				GCC_OPTIMIZATION_LEVEL = 0;
				GCC_PREPROCESSOR_DEFINITIONS = (
					"DEBUG=1",
					"$(inherited)",
				);
				GCC_WARN_64_TO_32_BIT_CONVERSION = YES;
				GCC_WARN_ABOUT_RETURN_TYPE = YES_ERROR;
				GCC_WARN_UNDECLARED_SELECTOR = YES;
				GCC_WARN_UNINITIALIZED_AUTOS = YES_AGGRESSIVE;
				GCC_WARN_UNUSED_FUNCTION = YES;
				GCC_WARN_UNUSED_VARIABLE = YES;
				MACOSX_DEPLOYMENT_TARGET = 10.14;
				MTL_ENABLE_DEBUG_INFO = INCLUDE_SOURCE;
				MTL_FAST_MATH = YES;
				ONLY_ACTIVE_ARCH = YES;
				SDKROOT = macosx;
				SWIFT_ACTIVE_COMPILATION_CONDITIONS = DEBUG;
				SWIFT_OPTIMIZATION_LEVEL = "-Onone";
				SWIFT_VERSION = 5.0;
			};
			name = Debug;
		};
		96AB1CF12373153D00A539CA /* Release */ = {
			isa = XCBuildConfiguration;
			buildSettings = {
				ALWAYS_SEARCH_USER_PATHS = NO;
				CLANG_ANALYZER_LOCALIZABILITY_NONLOCALIZED = YES;
				CLANG_ANALYZER_NONNULL = YES;
				CLANG_ANALYZER_NUMBER_OBJECT_CONVERSION = YES_AGGRESSIVE;
				CLANG_CXX_LANGUAGE_STANDARD = "gnu++14";
				CLANG_CXX_LIBRARY = "libc++";
				CLANG_ENABLE_MODULES = YES;
				CLANG_ENABLE_OBJC_ARC = YES;
				CLANG_ENABLE_OBJC_WEAK = YES;
				CLANG_WARN_BLOCK_CAPTURE_AUTORELEASING = YES;
				CLANG_WARN_BOOL_CONVERSION = YES;
				CLANG_WARN_COMMA = YES;
				CLANG_WARN_CONSTANT_CONVERSION = YES;
				CLANG_WARN_DEPRECATED_OBJC_IMPLEMENTATIONS = YES;
				CLANG_WARN_DIRECT_OBJC_ISA_USAGE = YES_ERROR;
				CLANG_WARN_DOCUMENTATION_COMMENTS = YES;
				CLANG_WARN_EMPTY_BODY = YES;
				CLANG_WARN_ENUM_CONVERSION = YES;
				CLANG_WARN_INFINITE_RECURSION = YES;
				CLANG_WARN_INT_CONVERSION = YES;
				CLANG_WARN_NON_LITERAL_NULL_CONVERSION = YES;
				CLANG_WARN_OBJC_IMPLICIT_RETAIN_SELF = YES;
				CLANG_WARN_OBJC_LITERAL_CONVERSION = YES;
				CLANG_WARN_OBJC_ROOT_CLASS = YES_ERROR;
				CLANG_WARN_RANGE_LOOP_ANALYSIS = YES;
				CLANG_WARN_STRICT_PROTOTYPES = YES;
				CLANG_WARN_SUSPICIOUS_MOVE = YES;
				CLANG_WARN_UNGUARDED_AVAILABILITY = YES_AGGRESSIVE;
				CLANG_WARN_UNREACHABLE_CODE = YES;
				CLANG_WARN__DUPLICATE_METHOD_MATCH = YES;
				COPY_PHASE_STRIP = NO;
				DEBUG_INFORMATION_FORMAT = "dwarf-with-dsym";
				ENABLE_NS_ASSERTIONS = NO;
				ENABLE_STRICT_OBJC_MSGSEND = YES;
				GCC_C_LANGUAGE_STANDARD = gnu11;
				GCC_NO_COMMON_BLOCKS = YES;
				GCC_WARN_64_TO_32_BIT_CONVERSION = YES;
				GCC_WARN_ABOUT_RETURN_TYPE = YES_ERROR;
				GCC_WARN_UNDECLARED_SELECTOR = YES;
				GCC_WARN_UNINITIALIZED_AUTOS = YES_AGGRESSIVE;
				GCC_WARN_UNUSED_FUNCTION = YES;
				GCC_WARN_UNUSED_VARIABLE = YES;
				MACOSX_DEPLOYMENT_TARGET = 10.14;
				MTL_ENABLE_DEBUG_INFO = NO;
				MTL_FAST_MATH = YES;
				SDKROOT = macosx;
				SWIFT_COMPILATION_MODE = wholemodule;
				SWIFT_OPTIMIZATION_LEVEL = "-O";
				SWIFT_VERSION = 5.0;
			};
			name = Release;
		};
		96AB1CF32373153D00A539CA /* Debug */ = {
			isa = XCBuildConfiguration;
			baseConfigurationReference = 367B0E394D9495A0D43C3B1B /* Pods-DarkLight.debug.xcconfig */;
			buildSettings = {
				ALWAYS_EMBED_SWIFT_STANDARD_LIBRARIES = NO;
				ASSETCATALOG_COMPILER_APPICON_NAME = AppIcon;
				CLANG_ENABLE_MODULES = YES;
				CODE_SIGN_ENTITLEMENTS = "DarkLight/Supporting Files/DarkLight.entitlements";
				CODE_SIGN_IDENTITY = "Apple Development";
				CODE_SIGN_STYLE = Automatic;
				COMBINE_HIDPI_IMAGES = YES;
				CURRENT_PROJECT_VERSION = 20200617;
				DEVELOPMENT_TEAM = 2U23P5CPX2;
				ENABLE_HARDENED_RUNTIME = YES;
				INFOPLIST_FILE = "DarkLight/Supporting Files/Info.plist";
				LD_RUNPATH_SEARCH_PATHS = (
					"$(inherited)",
					"@executable_path/../Frameworks",
				);
				MARKETING_VERSION = 0.1.1;
				PRODUCT_BUNDLE_IDENTIFIER = cn.licardo.DarkLight;
				PRODUCT_NAME = "$(TARGET_NAME)";
				SWIFT_OBJC_BRIDGING_HEADER = "DarkLight/TouchBar/DarkLight-Bridging-Header.h";
				SWIFT_OPTIMIZATION_LEVEL = "-Onone";
				SWIFT_VERSION = 5.0;
				SYSTEM_FRAMEWORK_SEARCH_PATHS = (
					"$(inherited)",
					"$(SYSTEM_LIBRARY_DIR)/PrivateFrameworks",
				);
			};
			name = Debug;
		};
		96AB1CF42373153D00A539CA /* Release */ = {
			isa = XCBuildConfiguration;
			baseConfigurationReference = D4036EC03D1B45F288AFD22E /* Pods-DarkLight.release.xcconfig */;
			buildSettings = {
				ALWAYS_EMBED_SWIFT_STANDARD_LIBRARIES = NO;
				ASSETCATALOG_COMPILER_APPICON_NAME = AppIcon;
				CLANG_ENABLE_MODULES = YES;
				CODE_SIGN_ENTITLEMENTS = "DarkLight/Supporting Files/DarkLight.entitlements";
				CODE_SIGN_IDENTITY = "Apple Development";
				CODE_SIGN_STYLE = Automatic;
				COMBINE_HIDPI_IMAGES = YES;
				CURRENT_PROJECT_VERSION = 20200617;
				DEVELOPMENT_TEAM = 2U23P5CPX2;
				ENABLE_HARDENED_RUNTIME = YES;
				INFOPLIST_FILE = "DarkLight/Supporting Files/Info.plist";
				LD_RUNPATH_SEARCH_PATHS = (
					"$(inherited)",
					"@executable_path/../Frameworks",
				);
				MARKETING_VERSION = 0.1.1;
				PRODUCT_BUNDLE_IDENTIFIER = cn.licardo.DarkLight;
				PRODUCT_NAME = "$(TARGET_NAME)";
				SWIFT_OBJC_BRIDGING_HEADER = "DarkLight/TouchBar/DarkLight-Bridging-Header.h";
				SWIFT_VERSION = 5.0;
				SYSTEM_FRAMEWORK_SEARCH_PATHS = (
					"$(inherited)",
					"$(SYSTEM_LIBRARY_DIR)/PrivateFrameworks",
				);
			};
			name = Release;
		};
/* End XCBuildConfiguration section */

/* Begin XCConfigurationList section */
		96AB1CDF2373153C00A539CA /* Build configuration list for PBXProject "DarkLight" */ = {
			isa = XCConfigurationList;
			buildConfigurations = (
				96AB1CF02373153D00A539CA /* Debug */,
				96AB1CF12373153D00A539CA /* Release */,
			);
			defaultConfigurationIsVisible = 0;
			defaultConfigurationName = Release;
		};
		96AB1CF22373153D00A539CA /* Build configuration list for PBXNativeTarget "DarkLight" */ = {
			isa = XCConfigurationList;
			buildConfigurations = (
				96AB1CF32373153D00A539CA /* Debug */,
				96AB1CF42373153D00A539CA /* Release */,
			);
			defaultConfigurationIsVisible = 0;
			defaultConfigurationName = Release;
		};
/* End XCConfigurationList section */
	};
	rootObject = 96AB1CDC2373153C00A539CA /* Project object */;
}
