// !$*UTF8*$!
{
	archiveVersion = 1;
	classes = {
	};
	objectVersion = 51;
	objects = {

/* Begin PBXBuildFile section */
		963D267B236B0B6300C939D5 /* LaunchAtLogin.framework in Frameworks */ = {isa = PBXBuildFile; fileRef = 963D267A236B0B6300C939D5 /* LaunchAtLogin.framework */; };
		963D267C236B0B6300C939D5 /* LaunchAtLogin.framework in Embed Frameworks */ = {isa = PBXBuildFile; fileRef = 963D267A236B0B6300C939D5 /* LaunchAtLogin.framework */; settings = {ATTRIBUTES = (CodeSignOnCopy, RemoveHeadersOnCopy, ); }; };
		9668968C2369D2AB009DDB4E /* AppDelegate.swift in Sources */ = {isa = PBXBuildFile; fileRef = 9668968B2369D2AB009DDB4E /* AppDelegate.swift */; };
		9668968E2369D2AB009DDB4E /* Assets.xcassets in Resources */ = {isa = PBXBuildFile; fileRef = 9668968D2369D2AB009DDB4E /* Assets.xcassets */; };
		966896912369D2AB009DDB4E /* MainMenu.xib in Resources */ = {isa = PBXBuildFile; fileRef = 9668968F2369D2AB009DDB4E /* MainMenu.xib */; };
		FEF7048F971EBE031E81FDEB /* Pods_DarkLight.framework in Frameworks */ = {isa = PBXBuildFile; fileRef = ED5493B1AC706F6FBB8AA7D5 /* Pods_DarkLight.framework */; };
/* End PBXBuildFile section */

/* Begin PBXCopyFilesBuildPhase section */
		963D267D236B0B6300C939D5 /* Embed Frameworks */ = {
			isa = PBXCopyFilesBuildPhase;
			buildActionMask = 2147483647;
			dstPath = "";
			dstSubfolderSpec = 10;
			files = (
				963D267C236B0B6300C939D5 /* LaunchAtLogin.framework in Embed Frameworks */,
			);
			name = "Embed Frameworks";
			runOnlyForDeploymentPostprocessing = 0;
		};
/* End PBXCopyFilesBuildPhase section */

/* Begin PBXFileReference section */
		410107EC7D4FBF973F572B70 /* Pods-DarkLight.debug.xcconfig */ = {isa = PBXFileReference; includeInIndex = 1; lastKnownFileType = text.xcconfig; name = "Pods-DarkLight.debug.xcconfig"; path = "Target Support Files/Pods-DarkLight/Pods-DarkLight.debug.xcconfig"; sourceTree = "<group>"; };
		5745033F636D69E177C93069 /* Pods-DarkLight.release.xcconfig */ = {isa = PBXFileReference; includeInIndex = 1; lastKnownFileType = text.xcconfig; name = "Pods-DarkLight.release.xcconfig"; path = "Target Support Files/Pods-DarkLight/Pods-DarkLight.release.xcconfig"; sourceTree = "<group>"; };
		963D267A236B0B6300C939D5 /* LaunchAtLogin.framework */ = {isa = PBXFileReference; lastKnownFileType = wrapper.framework; name = LaunchAtLogin.framework; path = Carthage/Build/Mac/LaunchAtLogin.framework; sourceTree = "<group>"; };
		963F040F236B2A2200B30BEF /* en */ = {isa = PBXFileReference; lastKnownFileType = text.plist.strings; name = en; path = en.lproj/MainMenu.strings; sourceTree = "<group>"; };
		966896882369D2AB009DDB4E /* DarkLight.app */ = {isa = PBXFileReference; explicitFileType = wrapper.application; includeInIndex = 0; path = DarkLight.app; sourceTree = BUILT_PRODUCTS_DIR; };
		9668968B2369D2AB009DDB4E /* AppDelegate.swift */ = {isa = PBXFileReference; lastKnownFileType = sourcecode.swift; path = AppDelegate.swift; sourceTree = "<group>"; };
		9668968D2369D2AB009DDB4E /* Assets.xcassets */ = {isa = PBXFileReference; lastKnownFileType = folder.assetcatalog; path = Assets.xcassets; sourceTree = "<group>"; };
		966896902369D2AB009DDB4E /* Base */ = {isa = PBXFileReference; lastKnownFileType = file.xib; name = Base; path = Base.lproj/MainMenu.xib; sourceTree = "<group>"; };
		966896922369D2AB009DDB4E /* Info.plist */ = {isa = PBXFileReference; lastKnownFileType = text.plist.xml; path = Info.plist; sourceTree = "<group>"; };
		966896932369D2AB009DDB4E /* DarkLight.entitlements */ = {isa = PBXFileReference; lastKnownFileType = text.plist.entitlements; path = DarkLight.entitlements; sourceTree = "<group>"; };
		96C30732236AEAB60006C909 /* zh-Hans */ = {isa = PBXFileReference; lastKnownFileType = text.plist.strings; name = "zh-Hans"; path = "zh-Hans.lproj/MainMenu.strings"; sourceTree = "<group>"; };
		ED5493B1AC706F6FBB8AA7D5 /* Pods_DarkLight.framework */ = {isa = PBXFileReference; explicitFileType = wrapper.framework; includeInIndex = 0; path = Pods_DarkLight.framework; sourceTree = BUILT_PRODUCTS_DIR; };
/* End PBXFileReference section */

/* Begin PBXFrameworksBuildPhase section */
		966896852369D2AB009DDB4E /* Frameworks */ = {
			isa = PBXFrameworksBuildPhase;
			buildActionMask = 2147483647;
			files = (
				963D267B236B0B6300C939D5 /* LaunchAtLogin.framework in Frameworks */,
				FEF7048F971EBE031E81FDEB /* Pods_DarkLight.framework in Frameworks */,
			);
			runOnlyForDeploymentPostprocessing = 0;
		};
/* End PBXFrameworksBuildPhase section */

/* Begin PBXGroup section */
		400F6A0B8752B16D4A6F82D0 /* Pods */ = {
			isa = PBXGroup;
			children = (
				410107EC7D4FBF973F572B70 /* Pods-DarkLight.debug.xcconfig */,
				5745033F636D69E177C93069 /* Pods-DarkLight.release.xcconfig */,
			);
			path = Pods;
			sourceTree = "<group>";
		};
		9668967F2369D2AB009DDB4E = {
			isa = PBXGroup;
			children = (
				9668968A2369D2AB009DDB4E /* DarkLight */,
				966896892369D2AB009DDB4E /* Products */,
				400F6A0B8752B16D4A6F82D0 /* Pods */,
				FEA592B29F1C46F75FB11F6B /* Frameworks */,
			);
			sourceTree = "<group>";
		};
		966896892369D2AB009DDB4E /* Products */ = {
			isa = PBXGroup;
			children = (
				966896882369D2AB009DDB4E /* DarkLight.app */,
			);
			name = Products;
			sourceTree = "<group>";
		};
		9668968A2369D2AB009DDB4E /* DarkLight */ = {
			isa = PBXGroup;
			children = (
				9668968B2369D2AB009DDB4E /* AppDelegate.swift */,
				9668968D2369D2AB009DDB4E /* Assets.xcassets */,
				9668968F2369D2AB009DDB4E /* MainMenu.xib */,
				966896922369D2AB009DDB4E /* Info.plist */,
				966896932369D2AB009DDB4E /* DarkLight.entitlements */,
			);
			path = DarkLight;
			sourceTree = "<group>";
		};
		FEA592B29F1C46F75FB11F6B /* Frameworks */ = {
			isa = PBXGroup;
			children = (
				963D267A236B0B6300C939D5 /* LaunchAtLogin.framework */,
				ED5493B1AC706F6FBB8AA7D5 /* Pods_DarkLight.framework */,
			);
			name = Frameworks;
			sourceTree = "<group>";
		};
/* End PBXGroup section */

/* Begin PBXNativeTarget section */
		966896872369D2AB009DDB4E /* DarkLight */ = {
			isa = PBXNativeTarget;
			buildConfigurationList = 966896962369D2AB009DDB4E /* Build configuration list for PBXNativeTarget "DarkLight" */;
			buildPhases = (
				E1A640AB92F41248C2264351 /* [CP] Check Pods Manifest.lock */,
				966896842369D2AB009DDB4E /* Sources */,
				966896852369D2AB009DDB4E /* Frameworks */,
				966896862369D2AB009DDB4E /* Resources */,
				32D59A26CB703DE39BABAD58 /* [CP] Embed Pods Frameworks */,
				963D267D236B0B6300C939D5 /* Embed Frameworks */,
				963D267E236B0BA700C939D5 /* ShellScript */,
			);
			buildRules = (
			);
			dependencies = (
			);
			name = DarkLight;
			productName = DarkLight;
			productReference = 966896882369D2AB009DDB4E /* DarkLight.app */;
			productType = "com.apple.product-type.application";
		};
/* End PBXNativeTarget section */

/* Begin PBXProject section */
		966896802369D2AB009DDB4E /* Project object */ = {
			isa = PBXProject;
			attributes = {
				LastSwiftUpdateCheck = 1110;
				LastUpgradeCheck = 1110;
				ORGANIZATIONNAME = Licardo;
				TargetAttributes = {
					966896872369D2AB009DDB4E = {
						CreatedOnToolsVersion = 11.1;
					};
				};
			};
			buildConfigurationList = 966896832369D2AB009DDB4E /* Build configuration list for PBXProject "DarkLight" */;
			compatibilityVersion = "Xcode 9.3";
			developmentRegion = en;
			hasScannedForEncodings = 0;
			knownRegions = (
				en,
				Base,
				"zh-Hans",
			);
			mainGroup = 9668967F2369D2AB009DDB4E;
			productRefGroup = 966896892369D2AB009DDB4E /* Products */;
			projectDirPath = "";
			projectRoot = "";
			targets = (
				966896872369D2AB009DDB4E /* DarkLight */,
			);
		};
/* End PBXProject section */

/* Begin PBXResourcesBuildPhase section */
		966896862369D2AB009DDB4E /* Resources */ = {
			isa = PBXResourcesBuildPhase;
			buildActionMask = 2147483647;
			files = (
				9668968E2369D2AB009DDB4E /* Assets.xcassets in Resources */,
				966896912369D2AB009DDB4E /* MainMenu.xib in Resources */,
			);
			runOnlyForDeploymentPostprocessing = 0;
		};
/* End PBXResourcesBuildPhase section */

/* Begin PBXShellScriptBuildPhase section */
		32D59A26CB703DE39BABAD58 /* [CP] Embed Pods Frameworks */ = {
			isa = PBXShellScriptBuildPhase;
			buildActionMask = 2147483647;
			files = (
			);
			inputFileListPaths = (
				"${PODS_ROOT}/Target Support Files/Pods-DarkLight/Pods-DarkLight-frameworks-${CONFIGURATION}-input-files.xcfilelist",
			);
			name = "[CP] Embed Pods Frameworks";
			outputFileListPaths = (
				"${PODS_ROOT}/Target Support Files/Pods-DarkLight/Pods-DarkLight-frameworks-${CONFIGURATION}-output-files.xcfilelist",
			);
			runOnlyForDeploymentPostprocessing = 0;
			shellPath = /bin/sh;
			shellScript = "\"${PODS_ROOT}/Target Support Files/Pods-DarkLight/Pods-DarkLight-frameworks.sh\"\n";
			showEnvVarsInLog = 0;
		};
		963D267E236B0BA700C939D5 /* ShellScript */ = {
			isa = PBXShellScriptBuildPhase;
			buildActionMask = 2147483647;
			files = (
			);
			inputFileListPaths = (
			);
			inputPaths = (
			);
			outputFileListPaths = (
			);
			outputPaths = (
			);
			runOnlyForDeploymentPostprocessing = 0;
			shellPath = /bin/sh;
			shellScript = "\"${PROJECT_DIR}/Carthage/Build/Mac/LaunchAtLogin.framework/Resources/copy-helper.sh\"\n";
		};
		E1A640AB92F41248C2264351 /* [CP] Check Pods Manifest.lock */ = {
			isa = PBXShellScriptBuildPhase;
			buildActionMask = 2147483647;
			files = (
			);
			inputFileListPaths = (
			);
			inputPaths = (
				"${PODS_PODFILE_DIR_PATH}/Podfile.lock",
				"${PODS_ROOT}/Manifest.lock",
			);
			name = "[CP] Check Pods Manifest.lock";
			outputFileListPaths = (
			);
			outputPaths = (
				"$(DERIVED_FILE_DIR)/Pods-DarkLight-checkManifestLockResult.txt",
			);
			runOnlyForDeploymentPostprocessing = 0;
			shellPath = /bin/sh;
			shellScript = "diff \"${PODS_PODFILE_DIR_PATH}/Podfile.lock\" \"${PODS_ROOT}/Manifest.lock\" > /dev/null\nif [ $? != 0 ] ; then\n    # print error to STDERR\n    echo \"error: The sandbox is not in sync with the Podfile.lock. Run 'pod install' or update your CocoaPods installation.\" >&2\n    exit 1\nfi\n# This output is used by Xcode 'outputs' to avoid re-running this script phase.\necho \"SUCCESS\" > \"${SCRIPT_OUTPUT_FILE_0}\"\n";
			showEnvVarsInLog = 0;
		};
/* End PBXShellScriptBuildPhase section */

/* Begin PBXSourcesBuildPhase section */
		966896842369D2AB009DDB4E /* Sources */ = {
			isa = PBXSourcesBuildPhase;
			buildActionMask = 2147483647;
			files = (
				9668968C2369D2AB009DDB4E /* AppDelegate.swift in Sources */,
			);
			runOnlyForDeploymentPostprocessing = 0;
		};
/* End PBXSourcesBuildPhase section */

/* Begin PBXVariantGroup section */
		9668968F2369D2AB009DDB4E /* MainMenu.xib */ = {
			isa = PBXVariantGroup;
			children = (
				966896902369D2AB009DDB4E /* Base */,
				96C30732236AEAB60006C909 /* zh-Hans */,
				963F040F236B2A2200B30BEF /* en */,
			);
			name = MainMenu.xib;
			sourceTree = "<group>";
		};
/* End PBXVariantGroup section */

/* Begin XCBuildConfiguration section */
		966896942369D2AB009DDB4E /* Debug */ = {
			isa = XCBuildConfiguration;
			buildSettings = {
				ALWAYS_SEARCH_USER_PATHS = NO;
				CLANG_ANALYZER_LOCALIZABILITY_NONLOCALIZED = YES;
				CLANG_ANALYZER_NONNULL = YES;
				CLANG_ANALYZER_NUMBER_OBJECT_CONVERSION = YES_AGGRESSIVE;
				CLANG_CXX_LANGUAGE_STANDARD = "gnu++14";
				CLANG_CXX_LIBRARY = "libc++";
				CLANG_ENABLE_MODULES = YES;
				CLANG_ENABLE_OBJC_ARC = YES;
				CLANG_ENABLE_OBJC_WEAK = YES;
				CLANG_WARN_BLOCK_CAPTURE_AUTORELEASING = YES;
				CLANG_WARN_BOOL_CONVERSION = YES;
				CLANG_WARN_COMMA = YES;
				CLANG_WARN_CONSTANT_CONVERSION = YES;
				CLANG_WARN_DEPRECATED_OBJC_IMPLEMENTATIONS = YES;
				CLANG_WARN_DIRECT_OBJC_ISA_USAGE = YES_ERROR;
				CLANG_WARN_DOCUMENTATION_COMMENTS = YES;
				CLANG_WARN_EMPTY_BODY = YES;
				CLANG_WARN_ENUM_CONVERSION = YES;
				CLANG_WARN_INFINITE_RECURSION = YES;
				CLANG_WARN_INT_CONVERSION = YES;
				CLANG_WARN_NON_LITERAL_NULL_CONVERSION = YES;
				CLANG_WARN_OBJC_IMPLICIT_RETAIN_SELF = YES;
				CLANG_WARN_OBJC_LITERAL_CONVERSION = YES;
				CLANG_WARN_OBJC_ROOT_CLASS = YES_ERROR;
				CLANG_WARN_RANGE_LOOP_ANALYSIS = YES;
				CLANG_WARN_STRICT_PROTOTYPES = YES;
				CLANG_WARN_SUSPICIOUS_MOVE = YES;
				CLANG_WARN_UNGUARDED_AVAILABILITY = YES_AGGRESSIVE;
				CLANG_WARN_UNREACHABLE_CODE = YES;
				CLANG_WARN__DUPLICATE_METHOD_MATCH = YES;
				COPY_PHASE_STRIP = NO;
				DEBUG_INFORMATION_FORMAT = dwarf;
				ENABLE_STRICT_OBJC_MSGSEND = YES;
				ENABLE_TESTABILITY = YES;
				GCC_C_LANGUAGE_STANDARD = gnu11;
				GCC_DYNAMIC_NO_PIC = NO;
				GCC_NO_COMMON_BLOCKS = YES;
				GCC_OPTIMIZATION_LEVEL = 0;
				GCC_PREPROCESSOR_DEFINITIONS = (
					"DEBUG=1",
					"$(inherited)",
				);
				GCC_WARN_64_TO_32_BIT_CONVERSION = YES;
				GCC_WARN_ABOUT_RETURN_TYPE = YES_ERROR;
				GCC_WARN_UNDECLARED_SELECTOR = YES;
				GCC_WARN_UNINITIALIZED_AUTOS = YES_AGGRESSIVE;
				GCC_WARN_UNUSED_FUNCTION = YES;
				GCC_WARN_UNUSED_VARIABLE = YES;
				MACOSX_DEPLOYMENT_TARGET = 10.14;
				MTL_ENABLE_DEBUG_INFO = INCLUDE_SOURCE;
				MTL_FAST_MATH = YES;
				ONLY_ACTIVE_ARCH = YES;
				SDKROOT = macosx;
				SWIFT_ACTIVE_COMPILATION_CONDITIONS = DEBUG;
				SWIFT_OPTIMIZATION_LEVEL = "-Onone";
			};
			name = Debug;
		};
		966896952369D2AB009DDB4E /* Release */ = {
			isa = XCBuildConfiguration;
			buildSettings = {
				ALWAYS_SEARCH_USER_PATHS = NO;
				CLANG_ANALYZER_LOCALIZABILITY_NONLOCALIZED = YES;
				CLANG_ANALYZER_NONNULL = YES;
				CLANG_ANALYZER_NUMBER_OBJECT_CONVERSION = YES_AGGRESSIVE;
				CLANG_CXX_LANGUAGE_STANDARD = "gnu++14";
				CLANG_CXX_LIBRARY = "libc++";
				CLANG_ENABLE_MODULES = YES;
				CLANG_ENABLE_OBJC_ARC = YES;
				CLANG_ENABLE_OBJC_WEAK = YES;
				CLANG_WARN_BLOCK_CAPTURE_AUTORELEASING = YES;
				CLANG_WARN_BOOL_CONVERSION = YES;
				CLANG_WARN_COMMA = YES;
				CLANG_WARN_CONSTANT_CONVERSION = YES;
				CLANG_WARN_DEPRECATED_OBJC_IMPLEMENTATIONS = YES;
				CLANG_WARN_DIRECT_OBJC_ISA_USAGE = YES_ERROR;
				CLANG_WARN_DOCUMENTATION_COMMENTS = YES;
				CLANG_WARN_EMPTY_BODY = YES;
				CLANG_WARN_ENUM_CONVERSION = YES;
				CLANG_WARN_INFINITE_RECURSION = YES;
				CLANG_WARN_INT_CONVERSION = YES;
				CLANG_WARN_NON_LITERAL_NULL_CONVERSION = YES;
				CLANG_WARN_OBJC_IMPLICIT_RETAIN_SELF = YES;
				CLANG_WARN_OBJC_LITERAL_CONVERSION = YES;
				CLANG_WARN_OBJC_ROOT_CLASS = YES_ERROR;
				CLANG_WARN_RANGE_LOOP_ANALYSIS = YES;
				CLANG_WARN_STRICT_PROTOTYPES = YES;
				CLANG_WARN_SUSPICIOUS_MOVE = YES;
				CLANG_WARN_UNGUARDED_AVAILABILITY = YES_AGGRESSIVE;
				CLANG_WARN_UNREACHABLE_CODE = YES;
				CLANG_WARN__DUPLICATE_METHOD_MATCH = YES;
				COPY_PHASE_STRIP = NO;
				DEBUG_INFORMATION_FORMAT = "dwarf-with-dsym";
				ENABLE_NS_ASSERTIONS = NO;
				ENABLE_STRICT_OBJC_MSGSEND = YES;
				GCC_C_LANGUAGE_STANDARD = gnu11;
				GCC_NO_COMMON_BLOCKS = YES;
				GCC_WARN_64_TO_32_BIT_CONVERSION = YES;
				GCC_WARN_ABOUT_RETURN_TYPE = YES_ERROR;
				GCC_WARN_UNDECLARED_SELECTOR = YES;
				GCC_WARN_UNINITIALIZED_AUTOS = YES_AGGRESSIVE;
				GCC_WARN_UNUSED_FUNCTION = YES;
				GCC_WARN_UNUSED_VARIABLE = YES;
				MACOSX_DEPLOYMENT_TARGET = 10.14;
				MTL_ENABLE_DEBUG_INFO = NO;
				MTL_FAST_MATH = YES;
				SDKROOT = macosx;
				SWIFT_COMPILATION_MODE = wholemodule;
				SWIFT_OPTIMIZATION_LEVEL = "-O";
			};
			name = Release;
		};
		966896972369D2AB009DDB4E /* Debug */ = {
			isa = XCBuildConfiguration;
			baseConfigurationReference = 410107EC7D4FBF973F572B70 /* Pods-DarkLight.debug.xcconfig */;
			buildSettings = {
				ASSETCATALOG_COMPILER_APPICON_NAME = AppIcon;
				CODE_SIGN_ENTITLEMENTS = DarkLight/DarkLight.entitlements;
				CODE_SIGN_IDENTITY = "Apple Development";
				CODE_SIGN_STYLE = Automatic;
				COMBINE_HIDPI_IMAGES = YES;
				CURRENT_PROJECT_VERSION = 20191031;
				DEVELOPMENT_TEAM = 2U23P5CPX2;
				ENABLE_HARDENED_RUNTIME = YES;
				FRAMEWORK_SEARCH_PATHS = (
					"$(inherited)",
					"$(PROJECT_DIR)/Carthage/Build/Mac",
				);
				INFOPLIST_FILE = DarkLight/Info.plist;
				LD_RUNPATH_SEARCH_PATHS = (
					"$(inherited)",
					"@executable_path/../Frameworks",
				);
				MARKETING_VERSION = 0.0.1;
				PRODUCT_BUNDLE_IDENTIFIER = cn.licardo.DarkLight;
				PRODUCT_NAME = "$(TARGET_NAME)";
				SWIFT_VERSION = 5.0;
			};
			name = Debug;
		};
		966896982369D2AB009DDB4E /* Release */ = {
			isa = XCBuildConfiguration;
			baseConfigurationReference = 5745033F636D69E177C93069 /* Pods-DarkLight.release.xcconfig */;
			buildSettings = {
				ASSETCATALOG_COMPILER_APPICON_NAME = AppIcon;
				CODE_SIGN_ENTITLEMENTS = DarkLight/DarkLight.entitlements;
				CODE_SIGN_IDENTITY = "Apple Development";
				CODE_SIGN_STYLE = Automatic;
				COMBINE_HIDPI_IMAGES = YES;
				CURRENT_PROJECT_VERSION = 20191031;
				DEVELOPMENT_TEAM = 2U23P5CPX2;
				ENABLE_HARDENED_RUNTIME = YES;
				FRAMEWORK_SEARCH_PATHS = (
					"$(inherited)",
					"$(PROJECT_DIR)/Carthage/Build/Mac",
				);
				INFOPLIST_FILE = DarkLight/Info.plist;
				LD_RUNPATH_SEARCH_PATHS = (
					"$(inherited)",
					"@executable_path/../Frameworks",
				);
				MARKETING_VERSION = 0.0.1;
				PRODUCT_BUNDLE_IDENTIFIER = cn.licardo.DarkLight;
				PRODUCT_NAME = "$(TARGET_NAME)";
				SWIFT_VERSION = 5.0;
			};
			name = Release;
		};
/* End XCBuildConfiguration section */

/* Begin XCConfigurationList section */
		966896832369D2AB009DDB4E /* Build configuration list for PBXProject "DarkLight" */ = {
			isa = XCConfigurationList;
			buildConfigurations = (
				966896942369D2AB009DDB4E /* Debug */,
				966896952369D2AB009DDB4E /* Release */,
			);
			defaultConfigurationIsVisible = 0;
			defaultConfigurationName = Release;
		};
		966896962369D2AB009DDB4E /* Build configuration list for PBXNativeTarget "DarkLight" */ = {
			isa = XCConfigurationList;
			buildConfigurations = (
				966896972369D2AB009DDB4E /* Debug */,
				966896982369D2AB009DDB4E /* Release */,
			);
			defaultConfigurationIsVisible = 0;
			defaultConfigurationName = Release;
		};
/* End XCConfigurationList section */
	};
	rootObject = 966896802369D2AB009DDB4E /* Project object */;
}
